../data/covid/derived/txSRL/covid_2020-01-23.tsv.description
../data/covid/derived/txSRL/covid_2020-01-24.tsv.description
../data/covid/derived/txSRL/clean/covid_2020-01-21.tsv.description
../data/covid/derived/txSRL/clean/covid_2020-01-22.tsv.description
../data/covid/derived/txSRL/sentBert/2020-01-21_to_2020-01-23.embds
../data/covid/derived/txSRL/clean/covid_2020-01-23.tsv.description
../data/covid/derived/txSRL/clean/covid_2020-01-24.tsv.description
/home/zhaowany/INCAS/incas-iu/data/derived/covid/txSRL/aggreated_narrative/2020-01-24_to_2020-01-24
../data/covid/derived/txSRL/covid_2020-01-21.tsv.description
../data/covid/derived/txSRL/sentBert/2020-01-24_to_2020-01-24.embds
/home/zhaowany/INCAS/incas-iu/data/derived/covid/txSRL/aggreated_narrative/2020-01-21_to_2020-01-23
../data/covid/derived/txSRL/covid_2020-01-22.tsv.description
